
Microsoft Visual Studio Solution File, Format Version 12.00
# Visual Studio Version 17
VisualStudioVersion = 17.4.33213.308
MinimumVisualStudioVersion = 10.0.40219.1
Project("{FAE04EC0-301F-11D3-BF4B-00C04F79EFBC}") = "SortedListCollection", "SortedListCollection\SortedListCollection.csproj", "{EBF7782C-F85D-4737-AB9F-8A0BEC18A6D0}"
EndProject
Global
	GlobalSection(SolutionConfigurationPlatforms) = preSolution
		Debug|Any CPU = Debug|Any CPU
		Release|Any CPU = Release|Any CPU
	EndGlobalSection
	GlobalSection(ProjectConfigurationPlatforms) = postSolution
		{EBF7782C-F85D-4737-AB9F-8A0BEC18A6D0}.Debug|Any CPU.ActiveCfg = Debug|Any CPU
		{EBF7782C-F85D-4737-AB9F-8A0BEC18A6D0}.Debug|Any CPU.Build.0 = Debug|Any CPU
		{EBF7782C-F85D-4737-AB9F-8A0BEC18A6D0}.Release|Any CPU.ActiveCfg = Release|Any CPU
		{EBF7782C-F85D-4737-AB9F-8A0BEC18A6D0}.Release|Any CPU.Build.0 = Release|Any CPU
	EndGlobalSection
	GlobalSection(SolutionProperties) = preSolution
		HideSolutionNode = FALSE
	EndGlobalSection
	GlobalSection(ExtensibilityGlobals) = postSolution
		SolutionGuid = {880761DF-8915-49C6-9E71-F0FE443C75D4}
	EndGlobalSection
EndGlobal
